// !$*UTF8*$!
{
	archiveVersion = 1;
	classes = {
	};
	objectVersion = 46;
	objects = {

/* Begin PBXBuildFile section */
		1832F9A36230756F0B323A94 /* libPods-JOSudokuPictureBrowser.a in Frameworks */ = {isa = PBXBuildFile; fileRef = 016979A963F0B7A1EAA8C488 /* libPods-JOSudokuPictureBrowser.a */; };
		D82D38291D583110009AEF88 /* JOImageView.m in Sources */ = {isa = PBXBuildFile; fileRef = D82D38281D583110009AEF88 /* JOImageView.m */; };
		D8828F041D50489700F84692 /* JOAlbumBrowserCell.m in Sources */ = {isa = PBXBuildFile; fileRef = D8828F031D50489700F84692 /* JOAlbumBrowserCell.m */; };
		D896CCC61D4F966400E9C64F /* JOAlbumBrowserViewController.m in Sources */ = {isa = PBXBuildFile; fileRef = D896CCC51D4F966400E9C64F /* JOAlbumBrowserViewController.m */; };
		D8B029591D4F3EB4009ADC31 /* main.m in Sources */ = {isa = PBXBuildFile; fileRef = D8B029581D4F3EB4009ADC31 /* main.m */; };
		D8B0295C1D4F3EB4009ADC31 /* AppDelegate.m in Sources */ = {isa = PBXBuildFile; fileRef = D8B0295B1D4F3EB4009ADC31 /* AppDelegate.m */; };
		D8B0295F1D4F3EB4009ADC31 /* ViewController.m in Sources */ = {isa = PBXBuildFile; fileRef = D8B0295E1D4F3EB4009ADC31 /* ViewController.m */; };
		D8B029621D4F3EB4009ADC31 /* Main.storyboard in Resources */ = {isa = PBXBuildFile; fileRef = D8B029601D4F3EB4009ADC31 /* Main.storyboard */; };
		D8B029641D4F3EB4009ADC31 /* Assets.xcassets in Resources */ = {isa = PBXBuildFile; fileRef = D8B029631D4F3EB4009ADC31 /* Assets.xcassets */; };
		D8B029671D4F3EB4009ADC31 /* LaunchScreen.storyboard in Resources */ = {isa = PBXBuildFile; fileRef = D8B029651D4F3EB4009ADC31 /* LaunchScreen.storyboard */; };
		D8B0298D1D4F401F009ADC31 /* JOSudokuPictureView.m in Sources */ = {isa = PBXBuildFile; fileRef = D8B0298C1D4F401F009ADC31 /* JOSudokuPictureView.m */; };
		D8B029941D4F411C009ADC31 /* JOPresentAnimationTransition.m in Sources */ = {isa = PBXBuildFile; fileRef = D8B029931D4F411C009ADC31 /* JOPresentAnimationTransition.m */; };
		D8B029971D4F4134009ADC31 /* JODismissAnimationTransition.m in Sources */ = {isa = PBXBuildFile; fileRef = D8B029961D4F4134009ADC31 /* JODismissAnimationTransition.m */; };
		D8B0299A1D4F4178009ADC31 /* JOInteractiveTransition.m in Sources */ = {isa = PBXBuildFile; fileRef = D8B029991D4F4178009ADC31 /* JOInteractiveTransition.m */; };
		D8B0299D1D4F4187009ADC31 /* JOAnimatedTransition.m in Sources */ = {isa = PBXBuildFile; fileRef = D8B0299C1D4F4187009ADC31 /* JOAnimatedTransition.m */; };
		D8B029A51D4F4734009ADC31 /* JOPictureSouceModel.m in Sources */ = {isa = PBXBuildFile; fileRef = D8B029A41D4F4734009ADC31 /* JOPictureSouceModel.m */; };
/* End PBXBuildFile section */

/* Begin PBXFileReference section */
		016979A963F0B7A1EAA8C488 /* libPods-JOSudokuPictureBrowser.a */ = {isa = PBXFileReference; explicitFileType = archive.ar; includeInIndex = 0; path = "libPods-JOSudokuPictureBrowser.a"; sourceTree = BUILT_PRODUCTS_DIR; };
		4452D93BDA985C1BCEF88C79 /* Pods-JOSudokuPictureBrowser.debug.xcconfig */ = {isa = PBXFileReference; includeInIndex = 1; lastKnownFileType = text.xcconfig; name = "Pods-JOSudokuPictureBrowser.debug.xcconfig"; path = "Pods/Target Support Files/Pods-JOSudokuPictureBrowser/Pods-JOSudokuPictureBrowser.debug.xcconfig"; sourceTree = "<group>"; };
		6005EC0E19A3B6B2C9F06AC2 /* Pods-JOSudokuPictureBrowser.release.xcconfig */ = {isa = PBXFileReference; includeInIndex = 1; lastKnownFileType = text.xcconfig; name = "Pods-JOSudokuPictureBrowser.release.xcconfig"; path = "Pods/Target Support Files/Pods-JOSudokuPictureBrowser/Pods-JOSudokuPictureBrowser.release.xcconfig"; sourceTree = "<group>"; };
		D82D38271D583110009AEF88 /* JOImageView.h */ = {isa = PBXFileReference; fileEncoding = 4; lastKnownFileType = sourcecode.c.h; path = JOImageView.h; sourceTree = "<group>"; };
		D82D38281D583110009AEF88 /* JOImageView.m */ = {isa = PBXFileReference; fileEncoding = 4; lastKnownFileType = sourcecode.c.objc; path = JOImageView.m; sourceTree = "<group>"; };
		D8828F021D50489700F84692 /* JOAlbumBrowserCell.h */ = {isa = PBXFileReference; fileEncoding = 4; lastKnownFileType = sourcecode.c.h; path = JOAlbumBrowserCell.h; sourceTree = "<group>"; };
		D8828F031D50489700F84692 /* JOAlbumBrowserCell.m */ = {isa = PBXFileReference; fileEncoding = 4; lastKnownFileType = sourcecode.c.objc; path = JOAlbumBrowserCell.m; sourceTree = "<group>"; };
		D896CCC41D4F966400E9C64F /* JOAlbumBrowserViewController.h */ = {isa = PBXFileReference; fileEncoding = 4; lastKnownFileType = sourcecode.c.h; path = JOAlbumBrowserViewController.h; sourceTree = "<group>"; };
		D896CCC51D4F966400E9C64F /* JOAlbumBrowserViewController.m */ = {isa = PBXFileReference; fileEncoding = 4; lastKnownFileType = sourcecode.c.objc; path = JOAlbumBrowserViewController.m; sourceTree = "<group>"; };
		D8B029541D4F3EB4009ADC31 /* JOSudokuPictureBrowser.app */ = {isa = PBXFileReference; explicitFileType = wrapper.application; includeInIndex = 0; path = JOSudokuPictureBrowser.app; sourceTree = BUILT_PRODUCTS_DIR; };
		D8B029581D4F3EB4009ADC31 /* main.m */ = {isa = PBXFileReference; lastKnownFileType = sourcecode.c.objc; path = main.m; sourceTree = "<group>"; };
		D8B0295A1D4F3EB4009ADC31 /* AppDelegate.h */ = {isa = PBXFileReference; lastKnownFileType = sourcecode.c.h; path = AppDelegate.h; sourceTree = "<group>"; };
		D8B0295B1D4F3EB4009ADC31 /* AppDelegate.m */ = {isa = PBXFileReference; lastKnownFileType = sourcecode.c.objc; path = AppDelegate.m; sourceTree = "<group>"; };
		D8B0295D1D4F3EB4009ADC31 /* ViewController.h */ = {isa = PBXFileReference; lastKnownFileType = sourcecode.c.h; path = ViewController.h; sourceTree = "<group>"; };
		D8B0295E1D4F3EB4009ADC31 /* ViewController.m */ = {isa = PBXFileReference; lastKnownFileType = sourcecode.c.objc; path = ViewController.m; sourceTree = "<group>"; };
		D8B029611D4F3EB4009ADC31 /* Base */ = {isa = PBXFileReference; lastKnownFileType = file.storyboard; name = Base; path = Base.lproj/Main.storyboard; sourceTree = "<group>"; };
		D8B029631D4F3EB4009ADC31 /* Assets.xcassets */ = {isa = PBXFileReference; lastKnownFileType = folder.assetcatalog; path = Assets.xcassets; sourceTree = "<group>"; };
		D8B029661D4F3EB4009ADC31 /* Base */ = {isa = PBXFileReference; lastKnownFileType = file.storyboard; name = Base; path = Base.lproj/LaunchScreen.storyboard; sourceTree = "<group>"; };
		D8B029681D4F3EB4009ADC31 /* Info.plist */ = {isa = PBXFileReference; lastKnownFileType = text.plist.xml; path = Info.plist; sourceTree = "<group>"; };
		D8B0298B1D4F401F009ADC31 /* JOSudokuPictureView.h */ = {isa = PBXFileReference; fileEncoding = 4; lastKnownFileType = sourcecode.c.h; path = JOSudokuPictureView.h; sourceTree = "<group>"; };
		D8B0298C1D4F401F009ADC31 /* JOSudokuPictureView.m */ = {isa = PBXFileReference; fileEncoding = 4; lastKnownFileType = sourcecode.c.objc; path = JOSudokuPictureView.m; sourceTree = "<group>"; };
		D8B029921D4F411C009ADC31 /* JOPresentAnimationTransition.h */ = {isa = PBXFileReference; fileEncoding = 4; lastKnownFileType = sourcecode.c.h; path = JOPresentAnimationTransition.h; sourceTree = "<group>"; };
		D8B029931D4F411C009ADC31 /* JOPresentAnimationTransition.m */ = {isa = PBXFileReference; fileEncoding = 4; lastKnownFileType = sourcecode.c.objc; path = JOPresentAnimationTransition.m; sourceTree = "<group>"; };
		D8B029951D4F4134009ADC31 /* JODismissAnimationTransition.h */ = {isa = PBXFileReference; fileEncoding = 4; lastKnownFileType = sourcecode.c.h; path = JODismissAnimationTransition.h; sourceTree = "<group>"; };
		D8B029961D4F4134009ADC31 /* JODismissAnimationTransition.m */ = {isa = PBXFileReference; fileEncoding = 4; lastKnownFileType = sourcecode.c.objc; path = JODismissAnimationTransition.m; sourceTree = "<group>"; };
		D8B029981D4F4178009ADC31 /* JOInteractiveTransition.h */ = {isa = PBXFileReference; fileEncoding = 4; lastKnownFileType = sourcecode.c.h; path = JOInteractiveTransition.h; sourceTree = "<group>"; };
		D8B029991D4F4178009ADC31 /* JOInteractiveTransition.m */ = {isa = PBXFileReference; fileEncoding = 4; lastKnownFileType = sourcecode.c.objc; path = JOInteractiveTransition.m; sourceTree = "<group>"; };
		D8B0299B1D4F4187009ADC31 /* JOAnimatedTransition.h */ = {isa = PBXFileReference; fileEncoding = 4; lastKnownFileType = sourcecode.c.h; path = JOAnimatedTransition.h; sourceTree = "<group>"; };
		D8B0299C1D4F4187009ADC31 /* JOAnimatedTransition.m */ = {isa = PBXFileReference; fileEncoding = 4; lastKnownFileType = sourcecode.c.objc; path = JOAnimatedTransition.m; sourceTree = "<group>"; };
		D8B029A31D4F4734009ADC31 /* JOPictureSouceModel.h */ = {isa = PBXFileReference; fileEncoding = 4; lastKnownFileType = sourcecode.c.h; path = JOPictureSouceModel.h; sourceTree = "<group>"; };
		D8B029A41D4F4734009ADC31 /* JOPictureSouceModel.m */ = {isa = PBXFileReference; fileEncoding = 4; lastKnownFileType = sourcecode.c.objc; path = JOPictureSouceModel.m; sourceTree = "<group>"; };
/* End PBXFileReference section */

/* Begin PBXFrameworksBuildPhase section */
		D8B029511D4F3EB4009ADC31 /* Frameworks */ = {
			isa = PBXFrameworksBuildPhase;
			buildActionMask = 2147483647;
			files = (
				1832F9A36230756F0B323A94 /* libPods-JOSudokuPictureBrowser.a in Frameworks */,
			);
			runOnlyForDeploymentPostprocessing = 0;
		};
/* End PBXFrameworksBuildPhase section */

/* Begin PBXGroup section */
		D1E7F2E22A6507A826B9B20A /* Frameworks */ = {
			isa = PBXGroup;
			children = (
				016979A963F0B7A1EAA8C488 /* libPods-JOSudokuPictureBrowser.a */,
			);
			name = Frameworks;
			sourceTree = "<group>";
		};
		D8828F011D50487700F84692 /* View */ = {
			isa = PBXGroup;
			children = (
				D82D38271D583110009AEF88 /* JOImageView.h */,
				D82D38281D583110009AEF88 /* JOImageView.m */,
				D8828F021D50489700F84692 /* JOAlbumBrowserCell.h */,
				D8828F031D50489700F84692 /* JOAlbumBrowserCell.m */,
			);
			path = View;
			sourceTree = "<group>";
		};
		D8B0294B1D4F3EB4009ADC31 = {
			isa = PBXGroup;
			children = (
				D8B029561D4F3EB4009ADC31 /* JOSudokuPictureBrowser */,
				D8B029551D4F3EB4009ADC31 /* Products */,
				E7597BEDBC749E4DBCF02A57 /* Pods */,
				D1E7F2E22A6507A826B9B20A /* Frameworks */,
			);
			sourceTree = "<group>";
		};
		D8B029551D4F3EB4009ADC31 /* Products */ = {
			isa = PBXGroup;
			children = (
				D8B029541D4F3EB4009ADC31 /* JOSudokuPictureBrowser.app */,
			);
			name = Products;
			sourceTree = "<group>";
		};
		D8B029561D4F3EB4009ADC31 /* JOSudokuPictureBrowser */ = {
			isa = PBXGroup;
			children = (
				D8B0298A1D4F3FDA009ADC31 /* JOSudokuPictureBrowser */,
				D8B0295A1D4F3EB4009ADC31 /* AppDelegate.h */,
				D8B0295B1D4F3EB4009ADC31 /* AppDelegate.m */,
				D8B0295D1D4F3EB4009ADC31 /* ViewController.h */,
				D8B0295E1D4F3EB4009ADC31 /* ViewController.m */,
				D8B029601D4F3EB4009ADC31 /* Main.storyboard */,
				D8B029631D4F3EB4009ADC31 /* Assets.xcassets */,
				D8B029651D4F3EB4009ADC31 /* LaunchScreen.storyboard */,
				D8B029681D4F3EB4009ADC31 /* Info.plist */,
				D8B029571D4F3EB4009ADC31 /* Supporting Files */,
			);
			path = JOSudokuPictureBrowser;
			sourceTree = "<group>";
		};
		D8B029571D4F3EB4009ADC31 /* Supporting Files */ = {
			isa = PBXGroup;
			children = (
				D8B029581D4F3EB4009ADC31 /* main.m */,
			);
			name = "Supporting Files";
			sourceTree = "<group>";
		};
		D8B0298A1D4F3FDA009ADC31 /* JOSudokuPictureBrowser */ = {
			isa = PBXGroup;
			children = (
				D8828F011D50487700F84692 /* View */,
				D8B029A21D4F472B009ADC31 /* Model */,
				D8B0298E1D4F409E009ADC31 /* JOAnimatedTransition */,
				D8B0298B1D4F401F009ADC31 /* JOSudokuPictureView.h */,
				D8B0298C1D4F401F009ADC31 /* JOSudokuPictureView.m */,
				D896CCC41D4F966400E9C64F /* JOAlbumBrowserViewController.h */,
				D896CCC51D4F966400E9C64F /* JOAlbumBrowserViewController.m */,
			);
			path = JOSudokuPictureBrowser;
			sourceTree = "<group>";
		};
		D8B0298E1D4F409E009ADC31 /* JOAnimatedTransition */ = {
			isa = PBXGroup;
			children = (
				D8B0299B1D4F4187009ADC31 /* JOAnimatedTransition.h */,
				D8B0299C1D4F4187009ADC31 /* JOAnimatedTransition.m */,
				D8B029921D4F411C009ADC31 /* JOPresentAnimationTransition.h */,
				D8B029931D4F411C009ADC31 /* JOPresentAnimationTransition.m */,
				D8B029951D4F4134009ADC31 /* JODismissAnimationTransition.h */,
				D8B029961D4F4134009ADC31 /* JODismissAnimationTransition.m */,
				D8B029981D4F4178009ADC31 /* JOInteractiveTransition.h */,
				D8B029991D4F4178009ADC31 /* JOInteractiveTransition.m */,
			);
			path = JOAnimatedTransition;
			sourceTree = "<group>";
		};
		D8B029A21D4F472B009ADC31 /* Model */ = {
			isa = PBXGroup;
			children = (
				D8B029A31D4F4734009ADC31 /* JOPictureSouceModel.h */,
				D8B029A41D4F4734009ADC31 /* JOPictureSouceModel.m */,
			);
			path = Model;
			sourceTree = "<group>";
		};
		E7597BEDBC749E4DBCF02A57 /* Pods */ = {
			isa = PBXGroup;
			children = (
				4452D93BDA985C1BCEF88C79 /* Pods-JOSudokuPictureBrowser.debug.xcconfig */,
				6005EC0E19A3B6B2C9F06AC2 /* Pods-JOSudokuPictureBrowser.release.xcconfig */,
			);
			name = Pods;
			sourceTree = "<group>";
		};
/* End PBXGroup section */

/* Begin PBXNativeTarget section */
		D8B029531D4F3EB4009ADC31 /* JOSudokuPictureBrowser */ = {
			isa = PBXNativeTarget;
			buildConfigurationList = D8B029811D4F3EB4009ADC31 /* Build configuration list for PBXNativeTarget "JOSudokuPictureBrowser" */;
			buildPhases = (
				0A47FDA069C8D3B64175F3F0 /* [CP] Check Pods Manifest.lock */,
				D8B029501D4F3EB4009ADC31 /* Sources */,
				D8B029511D4F3EB4009ADC31 /* Frameworks */,
				D8B029521D4F3EB4009ADC31 /* Resources */,
				FFC41B548F0DA99553C86E10 /* [CP] Embed Pods Frameworks */,
				85F0AAAA5A11AD85B00F0225 /* [CP] Copy Pods Resources */,
			);
			buildRules = (
			);
			dependencies = (
			);
			name = JOSudokuPictureBrowser;
			productName = JOSudokuPictureBrowser;
			productReference = D8B029541D4F3EB4009ADC31 /* JOSudokuPictureBrowser.app */;
			productType = "com.apple.product-type.application";
		};
/* End PBXNativeTarget section */

/* Begin PBXProject section */
		D8B0294C1D4F3EB4009ADC31 /* Project object */ = {
			isa = PBXProject;
			attributes = {
				LastUpgradeCheck = 0730;
				ORGANIZATIONNAME = django;
				TargetAttributes = {
					D8B029531D4F3EB4009ADC31 = {
						CreatedOnToolsVersion = 7.3.1;
					};
				};
			};
			buildConfigurationList = D8B0294F1D4F3EB4009ADC31 /* Build configuration list for PBXProject "JOSudokuPictureBrowser" */;
			compatibilityVersion = "Xcode 3.2";
			developmentRegion = English;
			hasScannedForEncodings = 0;
			knownRegions = (
				en,
				Base,
			);
			mainGroup = D8B0294B1D4F3EB4009ADC31;
			productRefGroup = D8B029551D4F3EB4009ADC31 /* Products */;
			projectDirPath = "";
			projectRoot = "";
			targets = (
				D8B029531D4F3EB4009ADC31 /* JOSudokuPictureBrowser */,
			);
		};
/* End PBXProject section */

/* Begin PBXResourcesBuildPhase section */
		D8B029521D4F3EB4009ADC31 /* Resources */ = {
			isa = PBXResourcesBuildPhase;
			buildActionMask = 2147483647;
			files = (
				D8B029671D4F3EB4009ADC31 /* LaunchScreen.storyboard in Resources */,
				D8B029641D4F3EB4009ADC31 /* Assets.xcassets in Resources */,
				D8B029621D4F3EB4009ADC31 /* Main.storyboard in Resources */,
			);
			runOnlyForDeploymentPostprocessing = 0;
		};
/* End PBXResourcesBuildPhase section */

/* Begin PBXShellScriptBuildPhase section */
		0A47FDA069C8D3B64175F3F0 /* [CP] Check Pods Manifest.lock */ = {
			isa = PBXShellScriptBuildPhase;
			buildActionMask = 2147483647;
			files = (
			);
			inputPaths = (
			);
			name = "[CP] Check Pods Manifest.lock";
			outputPaths = (
			);
			runOnlyForDeploymentPostprocessing = 0;
			shellPath = /bin/sh;
			shellScript = "diff \"${PODS_ROOT}/../Podfile.lock\" \"${PODS_ROOT}/Manifest.lock\" > /dev/null\nif [ $? != 0 ] ; then\n    # print error to STDERR\n    echo \"error: The sandbox is not in sync with the Podfile.lock. Run 'pod install' or update your CocoaPods installation.\" >&2\n    exit 1\nfi\n";
			showEnvVarsInLog = 0;
		};
		85F0AAAA5A11AD85B00F0225 /* [CP] Copy Pods Resources */ = {
			isa = PBXShellScriptBuildPhase;
			buildActionMask = 2147483647;
			files = (
			);
			inputPaths = (
			);
			name = "[CP] Copy Pods Resources";
			outputPaths = (
			);
			runOnlyForDeploymentPostprocessing = 0;
			shellPath = /bin/sh;
			shellScript = "\"${SRCROOT}/Pods/Target Support Files/Pods-JOSudokuPictureBrowser/Pods-JOSudokuPictureBrowser-resources.sh\"\n";
			showEnvVarsInLog = 0;
		};
		FFC41B548F0DA99553C86E10 /* [CP] Embed Pods Frameworks */ = {
			isa = PBXShellScriptBuildPhase;
			buildActionMask = 2147483647;
			files = (
			);
			inputPaths = (
			);
			name = "[CP] Embed Pods Frameworks";
			outputPaths = (
			);
			runOnlyForDeploymentPostprocessing = 0;
			shellPath = /bin/sh;
			shellScript = "\"${SRCROOT}/Pods/Target Support Files/Pods-JOSudokuPictureBrowser/Pods-JOSudokuPictureBrowser-frameworks.sh\"\n";
			showEnvVarsInLog = 0;
		};
/* End PBXShellScriptBuildPhase section */

/* Begin PBXSourcesBuildPhase section */
		D8B029501D4F3EB4009ADC31 /* Sources */ = {
			isa = PBXSourcesBuildPhase;
			buildActionMask = 2147483647;
			files = (
				D8B0299D1D4F4187009ADC31 /* JOAnimatedTransition.m in Sources */,
				D8B029941D4F411C009ADC31 /* JOPresentAnimationTransition.m in Sources */,
				D8B029A51D4F4734009ADC31 /* JOPictureSouceModel.m in Sources */,
				D8B029971D4F4134009ADC31 /* JODismissAnimationTransition.m in Sources */,
				D896CCC61D4F966400E9C64F /* JOAlbumBrowserViewController.m in Sources */,
				D8B0299A1D4F4178009ADC31 /* JOInteractiveTransition.m in Sources */,
				D8828F041D50489700F84692 /* JOAlbumBrowserCell.m in Sources */,
				D82D38291D583110009AEF88 /* JOImageView.m in Sources */,
				D8B0295F1D4F3EB4009ADC31 /* ViewController.m in Sources */,
				D8B0295C1D4F3EB4009ADC31 /* AppDelegate.m in Sources */,
				D8B029591D4F3EB4009ADC31 /* main.m in Sources */,
				D8B0298D1D4F401F009ADC31 /* JOSudokuPictureView.m in Sources */,
			);
			runOnlyForDeploymentPostprocessing = 0;
		};
/* End PBXSourcesBuildPhase section */

/* Begin PBXVariantGroup section */
		D8B029601D4F3EB4009ADC31 /* Main.storyboard */ = {
			isa = PBXVariantGroup;
			children = (
				D8B029611D4F3EB4009ADC31 /* Base */,
			);
			name = Main.storyboard;
			sourceTree = "<group>";
		};
		D8B029651D4F3EB4009ADC31 /* LaunchScreen.storyboard */ = {
			isa = PBXVariantGroup;
			children = (
				D8B029661D4F3EB4009ADC31 /* Base */,
			);
			name = LaunchScreen.storyboard;
			sourceTree = "<group>";
		};
/* End PBXVariantGroup section */

/* Begin XCBuildConfiguration section */
		D8B0297F1D4F3EB4009ADC31 /* Debug */ = {
			isa = XCBuildConfiguration;
			buildSettings = {
				ALWAYS_SEARCH_USER_PATHS = NO;
				CLANG_ANALYZER_NONNULL = YES;
				CLANG_CXX_LANGUAGE_STANDARD = "gnu++0x";
				CLANG_CXX_LIBRARY = "libc++";
				CLANG_ENABLE_MODULES = YES;
				CLANG_ENABLE_OBJC_ARC = YES;
				CLANG_WARN_BOOL_CONVERSION = YES;
				CLANG_WARN_CONSTANT_CONVERSION = YES;
				CLANG_WARN_DIRECT_OBJC_ISA_USAGE = YES_ERROR;
				CLANG_WARN_EMPTY_BODY = YES;
				CLANG_WARN_ENUM_CONVERSION = YES;
				CLANG_WARN_INT_CONVERSION = YES;
				CLANG_WARN_OBJC_ROOT_CLASS = YES_ERROR;
				CLANG_WARN_UNREACHABLE_CODE = YES;
				CLANG_WARN__DUPLICATE_METHOD_MATCH = YES;
				"CODE_SIGN_IDENTITY[sdk=iphoneos*]" = "iPhone Developer";
				COPY_PHASE_STRIP = NO;
				DEBUG_INFORMATION_FORMAT = dwarf;
				ENABLE_STRICT_OBJC_MSGSEND = YES;
				ENABLE_TESTABILITY = YES;
				GCC_C_LANGUAGE_STANDARD = gnu99;
				GCC_DYNAMIC_NO_PIC = NO;
				GCC_NO_COMMON_BLOCKS = YES;
				GCC_OPTIMIZATION_LEVEL = 0;
				GCC_PREPROCESSOR_DEFINITIONS = (
					"DEBUG=1",
					"$(inherited)",
				);
				GCC_WARN_64_TO_32_BIT_CONVERSION = YES;
				GCC_WARN_ABOUT_RETURN_TYPE = YES_ERROR;
				GCC_WARN_UNDECLARED_SELECTOR = YES;
				GCC_WARN_UNINITIALIZED_AUTOS = YES_AGGRESSIVE;
				GCC_WARN_UNUSED_FUNCTION = YES;
				GCC_WARN_UNUSED_VARIABLE = YES;
				IPHONEOS_DEPLOYMENT_TARGET = 9.3;
				MTL_ENABLE_DEBUG_INFO = YES;
				ONLY_ACTIVE_ARCH = YES;
				SDKROOT = iphoneos;
				TARGETED_DEVICE_FAMILY = "1,2";
			};
			name = Debug;
		};
		D8B029801D4F3EB4009ADC31 /* Release */ = {
			isa = XCBuildConfiguration;
			buildSettings = {
				ALWAYS_SEARCH_USER_PATHS = NO;
				CLANG_ANALYZER_NONNULL = YES;
				CLANG_CXX_LANGUAGE_STANDARD = "gnu++0x";
				CLANG_CXX_LIBRARY = "libc++";
				CLANG_ENABLE_MODULES = YES;
				CLANG_ENABLE_OBJC_ARC = YES;
				CLANG_WARN_BOOL_CONVERSION = YES;
				CLANG_WARN_CONSTANT_CONVERSION = YES;
				CLANG_WARN_DIRECT_OBJC_ISA_USAGE = YES_ERROR;
				CLANG_WARN_EMPTY_BODY = YES;
				CLANG_WARN_ENUM_CONVERSION = YES;
				CLANG_WARN_INT_CONVERSION = YES;
				CLANG_WARN_OBJC_ROOT_CLASS = YES_ERROR;
				CLANG_WARN_UNREACHABLE_CODE = YES;
				CLANG_WARN__DUPLICATE_METHOD_MATCH = YES;
				"CODE_SIGN_IDENTITY[sdk=iphoneos*]" = "iPhone Developer";
				COPY_PHASE_STRIP = NO;
				DEBUG_INFORMATION_FORMAT = "dwarf-with-dsym";
				ENABLE_NS_ASSERTIONS = NO;
				ENABLE_STRICT_OBJC_MSGSEND = YES;
				GCC_C_LANGUAGE_STANDARD = gnu99;
				GCC_NO_COMMON_BLOCKS = YES;
				GCC_WARN_64_TO_32_BIT_CONVERSION = YES;
				GCC_WARN_ABOUT_RETURN_TYPE = YES_ERROR;
				GCC_WARN_UNDECLARED_SELECTOR = YES;
				GCC_WARN_UNINITIALIZED_AUTOS = YES_AGGRESSIVE;
				GCC_WARN_UNUSED_FUNCTION = YES;
				GCC_WARN_UNUSED_VARIABLE = YES;
				IPHONEOS_DEPLOYMENT_TARGET = 9.3;
				MTL_ENABLE_DEBUG_INFO = NO;
				SDKROOT = iphoneos;
				TARGETED_DEVICE_FAMILY = "1,2";
				VALIDATE_PRODUCT = YES;
			};
			name = Release;
		};
		D8B029821D4F3EB4009ADC31 /* Debug */ = {
			isa = XCBuildConfiguration;
			baseConfigurationReference = 4452D93BDA985C1BCEF88C79 /* Pods-JOSudokuPictureBrowser.debug.xcconfig */;
			buildSettings = {
				ASSETCATALOG_COMPILER_APPICON_NAME = AppIcon;
				CODE_SIGN_IDENTITY = "iPhone Distribution: Xiamen Cheye Network Technology Co., Ltd. (386ZJY65M6)";
				INFOPLIST_FILE = JOSudokuPictureBrowser/Info.plist;
				IPHONEOS_DEPLOYMENT_TARGET = 8.1;
				LD_RUNPATH_SEARCH_PATHS = "$(inherited) @executable_path/Frameworks";
				PRODUCT_BUNDLE_IDENTIFIER = com.django.test;
				PRODUCT_NAME = "$(TARGET_NAME)";
				PROVISIONING_PROFILE = "6cc630bf-33d7-4d2f-a3fe-166d3fe9d812";
			};
			name = Debug;
		};
		D8B029831D4F3EB4009ADC31 /* Release */ = {
			isa = XCBuildConfiguration;
			baseConfigurationReference = 6005EC0E19A3B6B2C9F06AC2 /* Pods-JOSudokuPictureBrowser.release.xcconfig */;
			buildSettings = {
				ASSETCATALOG_COMPILER_APPICON_NAME = AppIcon;
				CODE_SIGN_IDENTITY = "iPhone Distribution: Xiamen Cheye Network Technology Co., Ltd. (386ZJY65M6)";
				INFOPLIST_FILE = JOSudokuPictureBrowser/Info.plist;
				IPHONEOS_DEPLOYMENT_TARGET = 8.1;
				LD_RUNPATH_SEARCH_PATHS = "$(inherited) @executable_path/Frameworks";
				PRODUCT_BUNDLE_IDENTIFIER = com.django.test;
				PRODUCT_NAME = "$(TARGET_NAME)";
				PROVISIONING_PROFILE = "6cc630bf-33d7-4d2f-a3fe-166d3fe9d812";
			};
			name = Release;
		};
/* End XCBuildConfiguration section */

/* Begin XCConfigurationList section */
		D8B0294F1D4F3EB4009ADC31 /* Build configuration list for PBXProject "JOSudokuPictureBrowser" */ = {
			isa = XCConfigurationList;
			buildConfigurations = (
				D8B0297F1D4F3EB4009ADC31 /* Debug */,
				D8B029801D4F3EB4009ADC31 /* Release */,
			);
			defaultConfigurationIsVisible = 0;
			defaultConfigurationName = Release;
		};
		D8B029811D4F3EB4009ADC31 /* Build configuration list for PBXNativeTarget "JOSudokuPictureBrowser" */ = {
			isa = XCConfigurationList;
			buildConfigurations = (
				D8B029821D4F3EB4009ADC31 /* Debug */,
				D8B029831D4F3EB4009ADC31 /* Release */,
			);
			defaultConfigurationIsVisible = 0;
			defaultConfigurationName = Release;
		};
/* End XCConfigurationList section */
	};
	rootObject = D8B0294C1D4F3EB4009ADC31 /* Project object */;
}
